
Microsoft Visual Studio Solution File, Format Version 12.00
# Visual Studio Version 17
VisualStudioVersion = 17.12.35527.113 d17.12
MinimumVisualStudioVersion = 10.0.40219.1
Project("{FAE04EC0-301F-11D3-BF4B-00C04F79EFBC}") = "E-commerce", "E-commerce\E-commerce.csproj", "{BAD356A2-127D-412E-B482-59DA661D647D}"
EndProject
Global
	GlobalSection(SolutionConfigurationPlatforms) = preSolution
		Debug|Any CPU = Debug|Any CPU
		Release|Any CPU = Release|Any CPU
	EndGlobalSection
	GlobalSection(ProjectConfigurationPlatforms) = postSolution
		{BAD356A2-127D-412E-B482-59DA661D647D}.Debug|Any CPU.ActiveCfg = Debug|Any CPU
		{BAD356A2-127D-412E-B482-59DA661D647D}.Debug|Any CPU.Build.0 = Debug|Any CPU
		{BAD356A2-127D-412E-B482-59DA661D647D}.Release|Any CPU.ActiveCfg = Release|Any CPU
		{BAD356A2-127D-412E-B482-59DA661D647D}.Release|Any CPU.Build.0 = Release|Any CPU
	EndGlobalSection
	GlobalSection(SolutionProperties) = preSolution
		HideSolutionNode = FALSE
	EndGlobalSection
EndGlobal
